
Microsoft Visual Studio Solution File, Format Version 12.00
# Visual Studio 2012
Project("{FAE04EC0-301F-11D3-BF4B-00C04F79EFBC}") = "conversordebase", "conversordebase\conversordebase.csproj", "{47B3027E-A451-4FDD-AB5D-D45A8550EDD8}"
EndProject
Global
	GlobalSection(SolutionConfigurationPlatforms) = preSolution
		Debug|x86 = Debug|x86
		Release|x86 = Release|x86
	EndGlobalSection
	GlobalSection(ProjectConfigurationPlatforms) = postSolution
		{47B3027E-A451-4FDD-AB5D-D45A8550EDD8}.Debug|x86.ActiveCfg = Debug|x86
		{47B3027E-A451-4FDD-AB5D-D45A8550EDD8}.Debug|x86.Build.0 = Debug|x86
		{47B3027E-A451-4FDD-AB5D-D45A8550EDD8}.Release|x86.ActiveCfg = Release|x86
		{47B3027E-A451-4FDD-AB5D-D45A8550EDD8}.Release|x86.Build.0 = Release|x86
	EndGlobalSection
EndGlobal
